// !$*UTF8*$!
{
	archiveVersion = 1;
	classes = {
	};
	objectVersion = 56;
	objects = {

/* Begin PBXBuildFile section */
		091157F12C6D09DD0046ECD2 /* ArticleDetailView.swift in Sources */ = {isa = PBXBuildFile; fileRef = 091157F02C6D09DD0046ECD2 /* ArticleDetailView.swift */; };
		09575B912C5DF7A400A2E5D7 /* ArticleCarouselView.swift in Sources */ = {isa = PBXBuildFile; fileRef = 09575B902C5DF7A400A2E5D7 /* ArticleCarouselView.swift */; };
		09575B932C5E039A00A2E5D7 /* CategoryArticles.swift in Sources */ = {isa = PBXBuildFile; fileRef = 09575B922C5E039A00A2E5D7 /* CategoryArticles.swift */; };
		0957F7642C5888BA00084030 /* ArticleBookmarkViewModel.swift in Sources */ = {isa = PBXBuildFile; fileRef = 0957F7622C5888BA00084030 /* ArticleBookmarkViewModel.swift */; };
		0957F7652C5888BA00084030 /* ArticleSearchViewModel.swift in Sources */ = {isa = PBXBuildFile; fileRef = 0957F7632C5888BA00084030 /* ArticleSearchViewModel.swift */; };
		0957F76A2C5888D700084030 /* NewsAPIResponse.swift in Sources */ = {isa = PBXBuildFile; fileRef = 0957F7662C5888D700084030 /* NewsAPIResponse.swift */; };
		0957F76B2C5888D700084030 /* Category.swift in Sources */ = {isa = PBXBuildFile; fileRef = 0957F7672C5888D700084030 /* Category.swift */; };
		0957F76C2C5888D700084030 /* Article.swift in Sources */ = {isa = PBXBuildFile; fileRef = 0957F7682C5888D700084030 /* Article.swift */; };
		0957F76D2C5888D700084030 /* DataStore.swift in Sources */ = {isa = PBXBuildFile; fileRef = 0957F7692C5888D700084030 /* DataStore.swift */; };
		0957F76F2C5888EF00084030 /* NewsAPI.swift in Sources */ = {isa = PBXBuildFile; fileRef = 0957F76E2C5888EF00084030 /* NewsAPI.swift */; };
		0957F7712C58891400084030 /* news.json in Resources */ = {isa = PBXBuildFile; fileRef = 0957F7702C58891400084030 /* news.json */; };
		0957F7732C58896E00084030 /* DataFetchPhase.swift in Sources */ = {isa = PBXBuildFile; fileRef = 0957F7722C58896E00084030 /* DataFetchPhase.swift */; };
		0957F7752C5889D500084030 /* ArticleNewsViewModel.swift in Sources */ = {isa = PBXBuildFile; fileRef = 0957F7742C5889D500084030 /* ArticleNewsViewModel.swift */; };
		095E04322C5B3B1E00A73893 /* ArticleItemViews.swift in Sources */ = {isa = PBXBuildFile; fileRef = 095E04312C5B3B1E00A73893 /* ArticleItemViews.swift */; };
		096B2D1F2C573B3400051F74 /* NewsTVApp.swift in Sources */ = {isa = PBXBuildFile; fileRef = 096B2D1E2C573B3400051F74 /* NewsTVApp.swift */; };
		096B2D212C573B3400051F74 /* ContentView.swift in Sources */ = {isa = PBXBuildFile; fileRef = 096B2D202C573B3400051F74 /* ContentView.swift */; };
		096B2D232C573B3800051F74 /* Assets.xcassets in Resources */ = {isa = PBXBuildFile; fileRef = 096B2D222C573B3800051F74 /* Assets.xcassets */; };
		096B2D262C573B3800051F74 /* Preview Assets.xcassets in Resources */ = {isa = PBXBuildFile; fileRef = 096B2D252C573B3800051F74 /* Preview Assets.xcassets */; };
		09D160752C69171E00ADE11B /* EmptyPlaceholderView.swift in Sources */ = {isa = PBXBuildFile; fileRef = 09D160742C69171E00ADE11B /* EmptyPlaceholderView.swift */; };
		09D160772C69173500ADE11B /* RetryView.swift in Sources */ = {isa = PBXBuildFile; fileRef = 09D160762C69173500ADE11B /* RetryView.swift */; };
		09D160792C691A8B00ADE11B /* NewsView.swift in Sources */ = {isa = PBXBuildFile; fileRef = 09D160782C691A8B00ADE11B /* NewsView.swift */; };
		09FBFEDD2C5FCD9600C22C36 /* ArticleCategoriesViewModel.swift in Sources */ = {isa = PBXBuildFile; fileRef = 09FBFEDC2C5FCD9600C22C36 /* ArticleCategoriesViewModel.swift */; };
/* End PBXBuildFile section */

/* Begin PBXFileReference section */
		091157F02C6D09DD0046ECD2 /* ArticleDetailView.swift */ = {isa = PBXFileReference; lastKnownFileType = sourcecode.swift; path = ArticleDetailView.swift; sourceTree = "<group>"; };
		09575B902C5DF7A400A2E5D7 /* ArticleCarouselView.swift */ = {isa = PBXFileReference; lastKnownFileType = sourcecode.swift; path = ArticleCarouselView.swift; sourceTree = "<group>"; };
		09575B922C5E039A00A2E5D7 /* CategoryArticles.swift */ = {isa = PBXFileReference; lastKnownFileType = sourcecode.swift; path = CategoryArticles.swift; sourceTree = "<group>"; };
		0957F7622C5888BA00084030 /* ArticleBookmarkViewModel.swift */ = {isa = PBXFileReference; fileEncoding = 4; lastKnownFileType = sourcecode.swift; path = ArticleBookmarkViewModel.swift; sourceTree = "<group>"; };
		0957F7632C5888BA00084030 /* ArticleSearchViewModel.swift */ = {isa = PBXFileReference; fileEncoding = 4; lastKnownFileType = sourcecode.swift; path = ArticleSearchViewModel.swift; sourceTree = "<group>"; };
		0957F7662C5888D700084030 /* NewsAPIResponse.swift */ = {isa = PBXFileReference; fileEncoding = 4; lastKnownFileType = sourcecode.swift; path = NewsAPIResponse.swift; sourceTree = "<group>"; };
		0957F7672C5888D700084030 /* Category.swift */ = {isa = PBXFileReference; fileEncoding = 4; lastKnownFileType = sourcecode.swift; path = Category.swift; sourceTree = "<group>"; };
		0957F7682C5888D700084030 /* Article.swift */ = {isa = PBXFileReference; fileEncoding = 4; lastKnownFileType = sourcecode.swift; path = Article.swift; sourceTree = "<group>"; };
		0957F7692C5888D700084030 /* DataStore.swift */ = {isa = PBXFileReference; fileEncoding = 4; lastKnownFileType = sourcecode.swift; path = DataStore.swift; sourceTree = "<group>"; };
		0957F76E2C5888EF00084030 /* NewsAPI.swift */ = {isa = PBXFileReference; fileEncoding = 4; lastKnownFileType = sourcecode.swift; path = NewsAPI.swift; sourceTree = "<group>"; };
		0957F7702C58891400084030 /* news.json */ = {isa = PBXFileReference; fileEncoding = 4; lastKnownFileType = text.json; path = news.json; sourceTree = "<group>"; };
		0957F7722C58896E00084030 /* DataFetchPhase.swift */ = {isa = PBXFileReference; lastKnownFileType = sourcecode.swift; path = DataFetchPhase.swift; sourceTree = "<group>"; };
		0957F7742C5889D500084030 /* ArticleNewsViewModel.swift */ = {isa = PBXFileReference; fileEncoding = 4; lastKnownFileType = sourcecode.swift; path = ArticleNewsViewModel.swift; sourceTree = "<group>"; };
		095E04312C5B3B1E00A73893 /* ArticleItemViews.swift */ = {isa = PBXFileReference; lastKnownFileType = sourcecode.swift; path = ArticleItemViews.swift; sourceTree = "<group>"; };
		096B2D1B2C573B3400051F74 /* NewsTV.app */ = {isa = PBXFileReference; explicitFileType = wrapper.application; includeInIndex = 0; path = NewsTV.app; sourceTree = BUILT_PRODUCTS_DIR; };
		096B2D1E2C573B3400051F74 /* NewsTVApp.swift */ = {isa = PBXFileReference; lastKnownFileType = sourcecode.swift; path = NewsTVApp.swift; sourceTree = "<group>"; };
		096B2D202C573B3400051F74 /* ContentView.swift */ = {isa = PBXFileReference; lastKnownFileType = sourcecode.swift; path = ContentView.swift; sourceTree = "<group>"; };
		096B2D222C573B3800051F74 /* Assets.xcassets */ = {isa = PBXFileReference; lastKnownFileType = folder.assetcatalog; path = Assets.xcassets; sourceTree = "<group>"; };
		096B2D252C573B3800051F74 /* Preview Assets.xcassets */ = {isa = PBXFileReference; lastKnownFileType = folder.assetcatalog; path = "Preview Assets.xcassets"; sourceTree = "<group>"; };
		09D160742C69171E00ADE11B /* EmptyPlaceholderView.swift */ = {isa = PBXFileReference; lastKnownFileType = sourcecode.swift; path = EmptyPlaceholderView.swift; sourceTree = "<group>"; };
		09D160762C69173500ADE11B /* RetryView.swift */ = {isa = PBXFileReference; lastKnownFileType = sourcecode.swift; path = RetryView.swift; sourceTree = "<group>"; };
		09D160782C691A8B00ADE11B /* NewsView.swift */ = {isa = PBXFileReference; lastKnownFileType = sourcecode.swift; path = NewsView.swift; sourceTree = "<group>"; };
		09FBFEDC2C5FCD9600C22C36 /* ArticleCategoriesViewModel.swift */ = {isa = PBXFileReference; lastKnownFileType = sourcecode.swift; path = ArticleCategoriesViewModel.swift; sourceTree = "<group>"; };
/* End PBXFileReference section */

/* Begin PBXFrameworksBuildPhase section */
		096B2D182C573B3400051F74 /* Frameworks */ = {
			isa = PBXFrameworksBuildPhase;
			buildActionMask = 2147483647;
			files = (
			);
			runOnlyForDeploymentPostprocessing = 0;
		};
/* End PBXFrameworksBuildPhase section */

/* Begin PBXGroup section */
		0957F75F2C58886700084030 /* API */ = {
			isa = PBXGroup;
			children = (
				0957F76E2C5888EF00084030 /* NewsAPI.swift */,
			);
			path = API;
			sourceTree = "<group>";
		};
		0957F7602C58887100084030 /* ViewModels */ = {
			isa = PBXGroup;
			children = (
				0957F7622C5888BA00084030 /* ArticleBookmarkViewModel.swift */,
				0957F7742C5889D500084030 /* ArticleNewsViewModel.swift */,
				0957F7632C5888BA00084030 /* ArticleSearchViewModel.swift */,
				09FBFEDC2C5FCD9600C22C36 /* ArticleCategoriesViewModel.swift */,
			);
			path = ViewModels;
			sourceTree = "<group>";
		};
		0957F7612C58887B00084030 /* Models */ = {
			isa = PBXGroup;
			children = (
				0957F7682C5888D700084030 /* Article.swift */,
				0957F7672C5888D700084030 /* Category.swift */,
				0957F7692C5888D700084030 /* DataStore.swift */,
				0957F7662C5888D700084030 /* NewsAPIResponse.swift */,
				0957F7722C58896E00084030 /* DataFetchPhase.swift */,
				09575B922C5E039A00A2E5D7 /* CategoryArticles.swift */,
			);
			path = Models;
			sourceTree = "<group>";
		};
		095E04302C5B3B0000A73893 /* Views */ = {
			isa = PBXGroup;
			children = (
				095E04312C5B3B1E00A73893 /* ArticleItemViews.swift */,
				09575B902C5DF7A400A2E5D7 /* ArticleCarouselView.swift */,
				09D160742C69171E00ADE11B /* EmptyPlaceholderView.swift */,
				09D160762C69173500ADE11B /* RetryView.swift */,
				09D160782C691A8B00ADE11B /* NewsView.swift */,
				091157F02C6D09DD0046ECD2 /* ArticleDetailView.swift */,
			);
			path = Views;
			sourceTree = "<group>";
		};
		096B2D122C573B3400051F74 = {
			isa = PBXGroup;
			children = (
				096B2D1D2C573B3400051F74 /* NewsTV */,
				096B2D1C2C573B3400051F74 /* Products */,
			);
			sourceTree = "<group>";
		};
		096B2D1C2C573B3400051F74 /* Products */ = {
			isa = PBXGroup;
			children = (
				096B2D1B2C573B3400051F74 /* NewsTV.app */,
			);
			name = Products;
			sourceTree = "<group>";
		};
		096B2D1D2C573B3400051F74 /* NewsTV */ = {
			isa = PBXGroup;
			children = (
				095E04302C5B3B0000A73893 /* Views */,
				0957F7702C58891400084030 /* news.json */,
				0957F7612C58887B00084030 /* Models */,
				0957F7602C58887100084030 /* ViewModels */,
				0957F75F2C58886700084030 /* API */,
				096B2D1E2C573B3400051F74 /* NewsTVApp.swift */,
				096B2D202C573B3400051F74 /* ContentView.swift */,
				096B2D222C573B3800051F74 /* Assets.xcassets */,
				096B2D242C573B3800051F74 /* Preview Content */,
			);
			path = NewsTV;
			sourceTree = "<group>";
		};
		096B2D242C573B3800051F74 /* Preview Content */ = {
			isa = PBXGroup;
			children = (
				096B2D252C573B3800051F74 /* Preview Assets.xcassets */,
			);
			path = "Preview Content";
			sourceTree = "<group>";
		};
/* End PBXGroup section */

/* Begin PBXNativeTarget section */
		096B2D1A2C573B3400051F74 /* NewsTV */ = {
			isa = PBXNativeTarget;
			buildConfigurationList = 096B2D292C573B3800051F74 /* Build configuration list for PBXNativeTarget "NewsTV" */;
			buildPhases = (
				096B2D172C573B3400051F74 /* Sources */,
				096B2D182C573B3400051F74 /* Frameworks */,
				096B2D192C573B3400051F74 /* Resources */,
			);
			buildRules = (
			);
			dependencies = (
			);
			name = NewsTV;
			productName = NewsTV;
			productReference = 096B2D1B2C573B3400051F74 /* NewsTV.app */;
			productType = "com.apple.product-type.application";
		};
/* End PBXNativeTarget section */

/* Begin PBXProject section */
		096B2D132C573B3400051F74 /* Project object */ = {
			isa = PBXProject;
			attributes = {
				BuildIndependentTargetsInParallel = 1;
				LastSwiftUpdateCheck = 1530;
				LastUpgradeCheck = 1530;
				TargetAttributes = {
					096B2D1A2C573B3400051F74 = {
						CreatedOnToolsVersion = 15.3;
					};
				};
			};
			buildConfigurationList = 096B2D162C573B3400051F74 /* Build configuration list for PBXProject "NewsTV" */;
			compatibilityVersion = "Xcode 14.0";
			developmentRegion = en;
			hasScannedForEncodings = 0;
			knownRegions = (
				en,
				Base,
			);
			mainGroup = 096B2D122C573B3400051F74;
			productRefGroup = 096B2D1C2C573B3400051F74 /* Products */;
			projectDirPath = "";
			projectRoot = "";
			targets = (
				096B2D1A2C573B3400051F74 /* NewsTV */,
			);
		};
/* End PBXProject section */

/* Begin PBXResourcesBuildPhase section */
		096B2D192C573B3400051F74 /* Resources */ = {
			isa = PBXResourcesBuildPhase;
			buildActionMask = 2147483647;
			files = (
				0957F7712C58891400084030 /* news.json in Resources */,
				096B2D262C573B3800051F74 /* Preview Assets.xcassets in Resources */,
				096B2D232C573B3800051F74 /* Assets.xcassets in Resources */,
			);
			runOnlyForDeploymentPostprocessing = 0;
		};
/* End PBXResourcesBuildPhase section */

/* Begin PBXSourcesBuildPhase section */
		096B2D172C573B3400051F74 /* Sources */ = {
			isa = PBXSourcesBuildPhase;
			buildActionMask = 2147483647;
			files = (
				0957F7732C58896E00084030 /* DataFetchPhase.swift in Sources */,
				0957F76C2C5888D700084030 /* Article.swift in Sources */,
				09D160752C69171E00ADE11B /* EmptyPlaceholderView.swift in Sources */,
				09D160792C691A8B00ADE11B /* NewsView.swift in Sources */,
				0957F76D2C5888D700084030 /* DataStore.swift in Sources */,
				09FBFEDD2C5FCD9600C22C36 /* ArticleCategoriesViewModel.swift in Sources */,
				0957F76F2C5888EF00084030 /* NewsAPI.swift in Sources */,
				09575B932C5E039A00A2E5D7 /* CategoryArticles.swift in Sources */,
				096B2D212C573B3400051F74 /* ContentView.swift in Sources */,
				09575B912C5DF7A400A2E5D7 /* ArticleCarouselView.swift in Sources */,
				0957F7652C5888BA00084030 /* ArticleSearchViewModel.swift in Sources */,
				095E04322C5B3B1E00A73893 /* ArticleItemViews.swift in Sources */,
				096B2D1F2C573B3400051F74 /* NewsTVApp.swift in Sources */,
				0957F76A2C5888D700084030 /* NewsAPIResponse.swift in Sources */,
				0957F7642C5888BA00084030 /* ArticleBookmarkViewModel.swift in Sources */,
				091157F12C6D09DD0046ECD2 /* ArticleDetailView.swift in Sources */,
				0957F76B2C5888D700084030 /* Category.swift in Sources */,
				0957F7752C5889D500084030 /* ArticleNewsViewModel.swift in Sources */,
				09D160772C69173500ADE11B /* RetryView.swift in Sources */,
			);
			runOnlyForDeploymentPostprocessing = 0;
		};
/* End PBXSourcesBuildPhase section */

/* Begin XCBuildConfiguration section */
		096B2D272C573B3800051F74 /* Debug */ = {
			isa = XCBuildConfiguration;
			buildSettings = {
				ALWAYS_SEARCH_USER_PATHS = NO;
				ASSETCATALOG_COMPILER_GENERATE_SWIFT_ASSET_SYMBOL_EXTENSIONS = YES;
				CLANG_ANALYZER_NONNULL = YES;
				CLANG_ANALYZER_NUMBER_OBJECT_CONVERSION = YES_AGGRESSIVE;
				CLANG_CXX_LANGUAGE_STANDARD = "gnu++20";
				CLANG_ENABLE_MODULES = YES;
				CLANG_ENABLE_OBJC_ARC = YES;
				CLANG_ENABLE_OBJC_WEAK = YES;
				CLANG_WARN_BLOCK_CAPTURE_AUTORELEASING = YES;
				CLANG_WARN_BOOL_CONVERSION = YES;
				CLANG_WARN_COMMA = YES;
				CLANG_WARN_CONSTANT_CONVERSION = YES;
				CLANG_WARN_DEPRECATED_OBJC_IMPLEMENTATIONS = YES;
				CLANG_WARN_DIRECT_OBJC_ISA_USAGE = YES_ERROR;
				CLANG_WARN_DOCUMENTATION_COMMENTS = YES;
				CLANG_WARN_EMPTY_BODY = YES;
				CLANG_WARN_ENUM_CONVERSION = YES;
				CLANG_WARN_INFINITE_RECURSION = YES;
				CLANG_WARN_INT_CONVERSION = YES;
				CLANG_WARN_NON_LITERAL_NULL_CONVERSION = YES;
				CLANG_WARN_OBJC_IMPLICIT_RETAIN_SELF = YES;
				CLANG_WARN_OBJC_LITERAL_CONVERSION = YES;
				CLANG_WARN_OBJC_ROOT_CLASS = YES_ERROR;
				CLANG_WARN_QUOTED_INCLUDE_IN_FRAMEWORK_HEADER = YES;
				CLANG_WARN_RANGE_LOOP_ANALYSIS = YES;
				CLANG_WARN_STRICT_PROTOTYPES = YES;
				CLANG_WARN_SUSPICIOUS_MOVE = YES;
				CLANG_WARN_UNGUARDED_AVAILABILITY = YES_AGGRESSIVE;
				CLANG_WARN_UNREACHABLE_CODE = YES;
				CLANG_WARN__DUPLICATE_METHOD_MATCH = YES;
				COPY_PHASE_STRIP = NO;
				DEBUG_INFORMATION_FORMAT = dwarf;
				ENABLE_STRICT_OBJC_MSGSEND = YES;
				ENABLE_TESTABILITY = YES;
				ENABLE_USER_SCRIPT_SANDBOXING = YES;
				GCC_C_LANGUAGE_STANDARD = gnu17;
				GCC_DYNAMIC_NO_PIC = NO;
				GCC_NO_COMMON_BLOCKS = YES;
				GCC_OPTIMIZATION_LEVEL = 0;
				GCC_PREPROCESSOR_DEFINITIONS = (
					"DEBUG=1",
					"$(inherited)",
				);
				GCC_WARN_64_TO_32_BIT_CONVERSION = YES;
				GCC_WARN_ABOUT_RETURN_TYPE = YES_ERROR;
				GCC_WARN_UNDECLARED_SELECTOR = YES;
				GCC_WARN_UNINITIALIZED_AUTOS = YES_AGGRESSIVE;
				GCC_WARN_UNUSED_FUNCTION = YES;
				GCC_WARN_UNUSED_VARIABLE = YES;
				LOCALIZATION_PREFERS_STRING_CATALOGS = YES;
				MTL_ENABLE_DEBUG_INFO = INCLUDE_SOURCE;
				MTL_FAST_MATH = YES;
				ONLY_ACTIVE_ARCH = YES;
				SDKROOT = appletvos;
				SWIFT_ACTIVE_COMPILATION_CONDITIONS = "DEBUG $(inherited)";
				SWIFT_OPTIMIZATION_LEVEL = "-Onone";
				TVOS_DEPLOYMENT_TARGET = 17.4;
			};
			name = Debug;
		};
		096B2D282C573B3800051F74 /* Release */ = {
			isa = XCBuildConfiguration;
			buildSettings = {
				ALWAYS_SEARCH_USER_PATHS = NO;
				ASSETCATALOG_COMPILER_GENERATE_SWIFT_ASSET_SYMBOL_EXTENSIONS = YES;
				CLANG_ANALYZER_NONNULL = YES;
				CLANG_ANALYZER_NUMBER_OBJECT_CONVERSION = YES_AGGRESSIVE;
				CLANG_CXX_LANGUAGE_STANDARD = "gnu++20";
				CLANG_ENABLE_MODULES = YES;
				CLANG_ENABLE_OBJC_ARC = YES;
				CLANG_ENABLE_OBJC_WEAK = YES;
				CLANG_WARN_BLOCK_CAPTURE_AUTORELEASING = YES;
				CLANG_WARN_BOOL_CONVERSION = YES;
				CLANG_WARN_COMMA = YES;
				CLANG_WARN_CONSTANT_CONVERSION = YES;
				CLANG_WARN_DEPRECATED_OBJC_IMPLEMENTATIONS = YES;
				CLANG_WARN_DIRECT_OBJC_ISA_USAGE = YES_ERROR;
				CLANG_WARN_DOCUMENTATION_COMMENTS = YES;
				CLANG_WARN_EMPTY_BODY = YES;
				CLANG_WARN_ENUM_CONVERSION = YES;
				CLANG_WARN_INFINITE_RECURSION = YES;
				CLANG_WARN_INT_CONVERSION = YES;
				CLANG_WARN_NON_LITERAL_NULL_CONVERSION = YES;
				CLANG_WARN_OBJC_IMPLICIT_RETAIN_SELF = YES;
				CLANG_WARN_OBJC_LITERAL_CONVERSION = YES;
				CLANG_WARN_OBJC_ROOT_CLASS = YES_ERROR;
				CLANG_WARN_QUOTED_INCLUDE_IN_FRAMEWORK_HEADER = YES;
				CLANG_WARN_RANGE_LOOP_ANALYSIS = YES;
				CLANG_WARN_STRICT_PROTOTYPES = YES;
				CLANG_WARN_SUSPICIOUS_MOVE = YES;
				CLANG_WARN_UNGUARDED_AVAILABILITY = YES_AGGRESSIVE;
				CLANG_WARN_UNREACHABLE_CODE = YES;
				CLANG_WARN__DUPLICATE_METHOD_MATCH = YES;
				COPY_PHASE_STRIP = NO;
				DEBUG_INFORMATION_FORMAT = "dwarf-with-dsym";
				ENABLE_NS_ASSERTIONS = NO;
				ENABLE_STRICT_OBJC_MSGSEND = YES;
				ENABLE_USER_SCRIPT_SANDBOXING = YES;
				GCC_C_LANGUAGE_STANDARD = gnu17;
				GCC_NO_COMMON_BLOCKS = YES;
				GCC_WARN_64_TO_32_BIT_CONVERSION = YES;
				GCC_WARN_ABOUT_RETURN_TYPE = YES_ERROR;
				GCC_WARN_UNDECLARED_SELECTOR = YES;
				GCC_WARN_UNINITIALIZED_AUTOS = YES_AGGRESSIVE;
				GCC_WARN_UNUSED_FUNCTION = YES;
				GCC_WARN_UNUSED_VARIABLE = YES;
				LOCALIZATION_PREFERS_STRING_CATALOGS = YES;
				MTL_ENABLE_DEBUG_INFO = NO;
				MTL_FAST_MATH = YES;
				SDKROOT = appletvos;
				SWIFT_COMPILATION_MODE = wholemodule;
				TVOS_DEPLOYMENT_TARGET = 17.4;
				VALIDATE_PRODUCT = YES;
			};
			name = Release;
		};
		096B2D2A2C573B3800051F74 /* Debug */ = {
			isa = XCBuildConfiguration;
			buildSettings = {
				ASSETCATALOG_COMPILER_APPICON_NAME = "App Icon & Top Shelf Image";
				ASSETCATALOG_COMPILER_GLOBAL_ACCENT_COLOR_NAME = AccentColor;
				CODE_SIGN_STYLE = Automatic;
				CURRENT_PROJECT_VERSION = 1;
				DEVELOPMENT_ASSET_PATHS = "\"NewsTV/Preview Content\"";
				ENABLE_PREVIEWS = YES;
				GENERATE_INFOPLIST_FILE = YES;
				INFOPLIST_KEY_UILaunchScreen_Generation = YES;
				INFOPLIST_KEY_UIUserInterfaceStyle = Automatic;
				LD_RUNPATH_SEARCH_PATHS = (
					"$(inherited)",
					"@executable_path/Frameworks",
				);
				MARKETING_VERSION = 1.0;
				PRODUCT_BUNDLE_IDENTIFIER = com.jyotismita.NewsTV;
				PRODUCT_NAME = "$(TARGET_NAME)";
				SWIFT_EMIT_LOC_STRINGS = YES;
				SWIFT_VERSION = 5.0;
				TARGETED_DEVICE_FAMILY = 3;
			};
			name = Debug;
		};
		096B2D2B2C573B3800051F74 /* Release */ = {
			isa = XCBuildConfiguration;
			buildSettings = {
				ASSETCATALOG_COMPILER_APPICON_NAME = "App Icon & Top Shelf Image";
				ASSETCATALOG_COMPILER_GLOBAL_ACCENT_COLOR_NAME = AccentColor;
				CODE_SIGN_STYLE = Automatic;
				CURRENT_PROJECT_VERSION = 1;
				DEVELOPMENT_ASSET_PATHS = "\"NewsTV/Preview Content\"";
				ENABLE_PREVIEWS = YES;
				GENERATE_INFOPLIST_FILE = YES;
				INFOPLIST_KEY_UILaunchScreen_Generation = YES;
				INFOPLIST_KEY_UIUserInterfaceStyle = Automatic;
				LD_RUNPATH_SEARCH_PATHS = (
					"$(inherited)",
					"@executable_path/Frameworks",
				);
				MARKETING_VERSION = 1.0;
				PRODUCT_BUNDLE_IDENTIFIER = com.jyotismita.NewsTV;
				PRODUCT_NAME = "$(TARGET_NAME)";
				SWIFT_EMIT_LOC_STRINGS = YES;
				SWIFT_VERSION = 5.0;
				TARGETED_DEVICE_FAMILY = 3;
			};
			name = Release;
		};
/* End XCBuildConfiguration section */

/* Begin XCConfigurationList section */
		096B2D162C573B3400051F74 /* Build configuration list for PBXProject "NewsTV" */ = {
			isa = XCConfigurationList;
			buildConfigurations = (
				096B2D272C573B3800051F74 /* Debug */,
				096B2D282C573B3800051F74 /* Release */,
			);
			defaultConfigurationIsVisible = 0;
			defaultConfigurationName = Release;
		};
		096B2D292C573B3800051F74 /* Build configuration list for PBXNativeTarget "NewsTV" */ = {
			isa = XCConfigurationList;
			buildConfigurations = (
				096B2D2A2C573B3800051F74 /* Debug */,
				096B2D2B2C573B3800051F74 /* Release */,
			);
			defaultConfigurationIsVisible = 0;
			defaultConfigurationName = Release;
		};
/* End XCConfigurationList section */
	};
	rootObject = 096B2D132C573B3400051F74 /* Project object */;
}
